
Microsoft Visual Studio Solution File, Format Version 12.00
# Visual Studio Version 16
VisualStudioVersion = 16.0.32802.440
MinimumVisualStudioVersion = 10.0.40219.1
Project("{8BC9CEB8-8B4A-11D0-8D11-00A0C91BC942}") = "1.HelloWorld", "1.HelloWorld\1.HelloWorld.vcxproj", "{C514C7F5-03A7-423F-ADD4-931FC3656789}"
	ProjectSection(ProjectDependencies) = postProject
		{A4891D9F-F4F5-4F87-A909-67285F6BE527} = {A4891D9F-F4F5-4F87-A909-67285F6BE527}
	EndProjectSection
EndProject
Project("{8BC9CEB8-8B4A-11D0-8D11-00A0C91BC942}") = "0.Template", "0.Template\0.Template.vcxproj", "{738E14DD-3F5E-4182-A5B1-A16AEC453101}"
EndProject
Project("{8BC9CEB8-8B4A-11D0-8D11-00A0C91BC942}") = "Common", "Common\Common.vcxproj", "{A4891D9F-F4F5-4F87-A909-67285F6BE527}"
EndProject
Project("{8BC9CEB8-8B4A-11D0-8D11-00A0C91BC942}") = "2.First3D", "2.First3D\2.First3D.vcxproj", "{4A28017C-FBE2-4010-8DD4-95A3816760AD}"
EndProject
Project("{8BC9CEB8-8B4A-11D0-8D11-00A0C91BC942}") = "3.First3D_Animation", "3.First3D_Animation\3.First3D_Animation.vcxproj", "{13E8DC30-8867-4C95-B51D-D15F4DC95420}"
EndProject
Project("{8BC9CEB8-8B4A-11D0-8D11-00A0C91BC942}") = "4.First3D_Instance", "4.First3D_Instance\4.First3D_Instance.vcxproj", "{3C96CEAF-8D2A-4791-AD7E-58A4AF2C1AD5}"
EndProject
Project("{8BC9CEB8-8B4A-11D0-8D11-00A0C91BC942}") = "5.More3D", "5.More3D\5.More3D.vcxproj", "{49F5974A-7191-4EA2-8B25-67C4122C4FAB}"
EndProject
Project("{8BC9CEB8-8B4A-11D0-8D11-00A0C91BC942}") = "6.SolarSystem", "6.SolarSystem\6.SolarSystem.vcxproj", "{0021183E-6D29-4537-87A2-A85FFC53D653}"
EndProject
Project("{8BC9CEB8-8B4A-11D0-8D11-00A0C91BC942}") = "7.Texture", "7.Texture\7.Texture.vcxproj", "{DFAA7E4F-1B6E-4DBC-9E15-6793537CBD92}"
EndProject
Project("{8BC9CEB8-8B4A-11D0-8D11-00A0C91BC942}") = "8.SimpleSphere", "8.SimpleSphere\8.SimpleSphere.vcxproj", "{185A5F18-E5BC-4B3E-AB9A-43C1A286E2DF}"
EndProject
Project("{8BC9CEB8-8B4A-11D0-8D11-00A0C91BC942}") = "9.SimpleTorus", "9.SimpleTorus\9.SimpleTorus.vcxproj", "{C44C1CE7-9B2C-4C74-8190-2239334F916C}"
EndProject
Project("{8BC9CEB8-8B4A-11D0-8D11-00A0C91BC942}") = "10.ModelImporterTest", "10.ModelImporterTest\10.ModelImporterTest.vcxproj", "{94CDE18F-0FB8-4F70-AC33-937745AE4234}"
EndProject
Project("{8BC9CEB8-8B4A-11D0-8D11-00A0C91BC942}") = "11.Gouraud", "11.Gouraud\11.Gouraud.vcxproj", "{F8D33979-3C71-479C-B848-5353BD15387A}"
EndProject
Project("{8BC9CEB8-8B4A-11D0-8D11-00A0C91BC942}") = "12.Phong", "12.Phong\12.Phong.vcxproj", "{5DA7EBC8-E7A6-4415-B5EC-2A166BB673BB}"
EndProject
Project("{8BC9CEB8-8B4A-11D0-8D11-00A0C91BC942}") = "13.Blinn-Phong", "13.Blinn-Phong\13.Blinn-Phong.vcxproj", "{59CE075D-AB8C-4B54-86F2-FD838B923171}"
EndProject
Project("{8BC9CEB8-8B4A-11D0-8D11-00A0C91BC942}") = "14.Shadow", "14.Shadow\14.Shadow.vcxproj", "{E5259864-C570-4CC6-B8CA-972EC0582C3E}"
EndProject
Project("{8BC9CEB8-8B4A-11D0-8D11-00A0C91BC942}") = "15.Skybox", "15.Skybox\15.Skybox.vcxproj", "{399C343A-4FC0-40BB-924A-749A21F944F0}"
EndProject
Project("{8BC9CEB8-8B4A-11D0-8D11-00A0C91BC942}") = "16.Skybox_cubemap", "16.Skybox_cubemap\16.Skybox_cubemap.vcxproj", "{22AF1F39-34E2-42BF-B5CF-B2AEB271D283}"
EndProject
Project("{8BC9CEB8-8B4A-11D0-8D11-00A0C91BC942}") = "17.EnvironmentMapping", "17.EnvironmentMapping\17.EnvironmentMapping.vcxproj", "{67E6B2AE-99D5-41CE-B3D8-6032671F4187}"
EndProject
Project("{8BC9CEB8-8B4A-11D0-8D11-00A0C91BC942}") = "18.NormalTexture1", "18.NormalTexture1\18.NormalTexture1.vcxproj", "{3BB776E5-08B0-42D0-AF7A-2160D484DA2A}"
EndProject
Project("{8BC9CEB8-8B4A-11D0-8D11-00A0C91BC942}") = "19.NormalTexture2", "19.NormalTexture2\19.NormalTexture2.vcxproj", "{8D110CCF-0262-4E58-9822-2B6D316D7698}"
EndProject
Project("{8BC9CEB8-8B4A-11D0-8D11-00A0C91BC942}") = "20.Tessellation", "20.Tessellation\20.Tessellation.vcxproj", "{9090302F-2023-47B1-8BBF-80F31A984084}"
EndProject
Project("{8BC9CEB8-8B4A-11D0-8D11-00A0C91BC942}") = "21.BezierTessellation", "21.BezierTessellation\21.BezierTessellation.vcxproj", "{3590D787-C9C0-49D2-B1A5-E934959662D5}"
EndProject
Project("{8BC9CEB8-8B4A-11D0-8D11-00A0C91BC942}") = "22.HeightMapTessellation1", "22.HeightMapTessellation1\22.HeightMapTessellation1.vcxproj", "{09BBA865-CDBC-4AB0-87F4-178F6DE7A129}"
EndProject
Project("{8BC9CEB8-8B4A-11D0-8D11-00A0C91BC942}") = "23.HeightMapTessellation_instance", "23.HeightMapTessellation_instance\23.HeightMapTessellation_instance.vcxproj", "{400D989B-8DD1-48D2-8852-6CAF4B7D4142}"
EndProject
Project("{8BC9CEB8-8B4A-11D0-8D11-00A0C91BC942}") = "24.HeightMapTessellation_LOD", "24.HeightMapTessellation_LOD\24.HeightMapTessellation_LOD.vcxproj", "{BB8511B3-D9EE-4950-B14E-5CD9C8948C7A}"
EndProject
Project("{8BC9CEB8-8B4A-11D0-8D11-00A0C91BC942}") = "25.GeometryShader_Change", "25.GeometryShader_Change\25.GeometryShader_Change.vcxproj", "{606805C4-D37F-49A4-BE23-7676FB90AFBA}"
EndProject
Project("{8BC9CEB8-8B4A-11D0-8D11-00A0C91BC942}") = "26.GeometryShader_Delete", "26.GeometryShader_Delete\26.GeometryShader_Delete.vcxproj", "{BB130851-4851-4E81-9840-A9AC3E801504}"
EndProject
Project("{8BC9CEB8-8B4A-11D0-8D11-00A0C91BC942}") = "27.GeometryShader_Add", "27.GeometryShader_Add\27.GeometryShader_Add.vcxproj", "{4B77531E-E858-4FE9-A29E-37419A8A2536}"
EndProject
Project("{8BC9CEB8-8B4A-11D0-8D11-00A0C91BC942}") = "28.GeometryShader_Switch", "28.GeometryShader_Switch\28.GeometryShader_Switch.vcxproj", "{40E10ACA-025B-4447-8C8E-E9DDCF855EC0}"
EndProject
Project("{8BC9CEB8-8B4A-11D0-8D11-00A0C91BC942}") = "29.Blend", "29.Blend\29.Blend.vcxproj", "{021663A4-B724-4B18-9302-5657545454E1}"
EndProject
Project("{8BC9CEB8-8B4A-11D0-8D11-00A0C91BC942}") = "30.ClipPanel", "30.ClipPanel\30.ClipPanel.vcxproj", "{E89E6975-E877-44BC-998F-165C0FB42F11}"
EndProject
Project("{8BC9CEB8-8B4A-11D0-8D11-00A0C91BC942}") = "31.Texture3D", "31.Texture3D\31.Texture3D.vcxproj", "{5772AA07-8E4D-4D8A-8D6D-BB03233719BC}"
EndProject
Global
	GlobalSection(SolutionConfigurationPlatforms) = preSolution
		Debug|x64 = Debug|x64
		Debug|x86 = Debug|x86
		Release|x64 = Release|x64
		Release|x86 = Release|x86
	EndGlobalSection
	GlobalSection(ProjectConfigurationPlatforms) = postSolution
		{C514C7F5-03A7-423F-ADD4-931FC3656789}.Debug|x64.ActiveCfg = Debug|x64
		{C514C7F5-03A7-423F-ADD4-931FC3656789}.Debug|x64.Build.0 = Debug|x64
		{C514C7F5-03A7-423F-ADD4-931FC3656789}.Debug|x86.ActiveCfg = Debug|Win32
		{C514C7F5-03A7-423F-ADD4-931FC3656789}.Debug|x86.Build.0 = Debug|Win32
		{C514C7F5-03A7-423F-ADD4-931FC3656789}.Release|x64.ActiveCfg = Release|x64
		{C514C7F5-03A7-423F-ADD4-931FC3656789}.Release|x64.Build.0 = Release|x64
		{C514C7F5-03A7-423F-ADD4-931FC3656789}.Release|x86.ActiveCfg = Release|Win32
		{C514C7F5-03A7-423F-ADD4-931FC3656789}.Release|x86.Build.0 = Release|Win32
		{738E14DD-3F5E-4182-A5B1-A16AEC453101}.Debug|x64.ActiveCfg = Debug|x64
		{738E14DD-3F5E-4182-A5B1-A16AEC453101}.Debug|x64.Build.0 = Debug|x64
		{738E14DD-3F5E-4182-A5B1-A16AEC453101}.Debug|x86.ActiveCfg = Debug|Win32
		{738E14DD-3F5E-4182-A5B1-A16AEC453101}.Debug|x86.Build.0 = Debug|Win32
		{738E14DD-3F5E-4182-A5B1-A16AEC453101}.Release|x64.ActiveCfg = Release|x64
		{738E14DD-3F5E-4182-A5B1-A16AEC453101}.Release|x64.Build.0 = Release|x64
		{738E14DD-3F5E-4182-A5B1-A16AEC453101}.Release|x86.ActiveCfg = Release|Win32
		{738E14DD-3F5E-4182-A5B1-A16AEC453101}.Release|x86.Build.0 = Release|Win32
		{A4891D9F-F4F5-4F87-A909-67285F6BE527}.Debug|x64.ActiveCfg = Debug|x64
		{A4891D9F-F4F5-4F87-A909-67285F6BE527}.Debug|x64.Build.0 = Debug|x64
		{A4891D9F-F4F5-4F87-A909-67285F6BE527}.Debug|x86.ActiveCfg = Debug|Win32
		{A4891D9F-F4F5-4F87-A909-67285F6BE527}.Debug|x86.Build.0 = Debug|Win32
		{A4891D9F-F4F5-4F87-A909-67285F6BE527}.Release|x64.ActiveCfg = Release|x64
		{A4891D9F-F4F5-4F87-A909-67285F6BE527}.Release|x64.Build.0 = Release|x64
		{A4891D9F-F4F5-4F87-A909-67285F6BE527}.Release|x86.ActiveCfg = Release|Win32
		{A4891D9F-F4F5-4F87-A909-67285F6BE527}.Release|x86.Build.0 = Release|Win32
		{4A28017C-FBE2-4010-8DD4-95A3816760AD}.Debug|x64.ActiveCfg = Debug|x64
		{4A28017C-FBE2-4010-8DD4-95A3816760AD}.Debug|x64.Build.0 = Debug|x64
		{4A28017C-FBE2-4010-8DD4-95A3816760AD}.Debug|x86.ActiveCfg = Debug|Win32
		{4A28017C-FBE2-4010-8DD4-95A3816760AD}.Debug|x86.Build.0 = Debug|Win32
		{4A28017C-FBE2-4010-8DD4-95A3816760AD}.Release|x64.ActiveCfg = Release|x64
		{4A28017C-FBE2-4010-8DD4-95A3816760AD}.Release|x64.Build.0 = Release|x64
		{4A28017C-FBE2-4010-8DD4-95A3816760AD}.Release|x86.ActiveCfg = Release|Win32
		{4A28017C-FBE2-4010-8DD4-95A3816760AD}.Release|x86.Build.0 = Release|Win32
		{13E8DC30-8867-4C95-B51D-D15F4DC95420}.Debug|x64.ActiveCfg = Debug|x64
		{13E8DC30-8867-4C95-B51D-D15F4DC95420}.Debug|x64.Build.0 = Debug|x64
		{13E8DC30-8867-4C95-B51D-D15F4DC95420}.Debug|x86.ActiveCfg = Debug|Win32
		{13E8DC30-8867-4C95-B51D-D15F4DC95420}.Debug|x86.Build.0 = Debug|Win32
		{13E8DC30-8867-4C95-B51D-D15F4DC95420}.Release|x64.ActiveCfg = Release|x64
		{13E8DC30-8867-4C95-B51D-D15F4DC95420}.Release|x64.Build.0 = Release|x64
		{13E8DC30-8867-4C95-B51D-D15F4DC95420}.Release|x86.ActiveCfg = Release|Win32
		{13E8DC30-8867-4C95-B51D-D15F4DC95420}.Release|x86.Build.0 = Release|Win32
		{3C96CEAF-8D2A-4791-AD7E-58A4AF2C1AD5}.Debug|x64.ActiveCfg = Debug|x64
		{3C96CEAF-8D2A-4791-AD7E-58A4AF2C1AD5}.Debug|x64.Build.0 = Debug|x64
		{3C96CEAF-8D2A-4791-AD7E-58A4AF2C1AD5}.Debug|x86.ActiveCfg = Debug|Win32
		{3C96CEAF-8D2A-4791-AD7E-58A4AF2C1AD5}.Debug|x86.Build.0 = Debug|Win32
		{3C96CEAF-8D2A-4791-AD7E-58A4AF2C1AD5}.Release|x64.ActiveCfg = Release|x64
		{3C96CEAF-8D2A-4791-AD7E-58A4AF2C1AD5}.Release|x64.Build.0 = Release|x64
		{3C96CEAF-8D2A-4791-AD7E-58A4AF2C1AD5}.Release|x86.ActiveCfg = Release|Win32
		{3C96CEAF-8D2A-4791-AD7E-58A4AF2C1AD5}.Release|x86.Build.0 = Release|Win32
		{49F5974A-7191-4EA2-8B25-67C4122C4FAB}.Debug|x64.ActiveCfg = Debug|x64
		{49F5974A-7191-4EA2-8B25-67C4122C4FAB}.Debug|x64.Build.0 = Debug|x64
		{49F5974A-7191-4EA2-8B25-67C4122C4FAB}.Debug|x86.ActiveCfg = Debug|Win32
		{49F5974A-7191-4EA2-8B25-67C4122C4FAB}.Debug|x86.Build.0 = Debug|Win32
		{49F5974A-7191-4EA2-8B25-67C4122C4FAB}.Release|x64.ActiveCfg = Release|x64
		{49F5974A-7191-4EA2-8B25-67C4122C4FAB}.Release|x64.Build.0 = Release|x64
		{49F5974A-7191-4EA2-8B25-67C4122C4FAB}.Release|x86.ActiveCfg = Release|Win32
		{49F5974A-7191-4EA2-8B25-67C4122C4FAB}.Release|x86.Build.0 = Release|Win32
		{0021183E-6D29-4537-87A2-A85FFC53D653}.Debug|x64.ActiveCfg = Debug|x64
		{0021183E-6D29-4537-87A2-A85FFC53D653}.Debug|x64.Build.0 = Debug|x64
		{0021183E-6D29-4537-87A2-A85FFC53D653}.Debug|x86.ActiveCfg = Debug|Win32
		{0021183E-6D29-4537-87A2-A85FFC53D653}.Debug|x86.Build.0 = Debug|Win32
		{0021183E-6D29-4537-87A2-A85FFC53D653}.Release|x64.ActiveCfg = Release|x64
		{0021183E-6D29-4537-87A2-A85FFC53D653}.Release|x64.Build.0 = Release|x64
		{0021183E-6D29-4537-87A2-A85FFC53D653}.Release|x86.ActiveCfg = Release|Win32
		{0021183E-6D29-4537-87A2-A85FFC53D653}.Release|x86.Build.0 = Release|Win32
		{DFAA7E4F-1B6E-4DBC-9E15-6793537CBD92}.Debug|x64.ActiveCfg = Debug|x64
		{DFAA7E4F-1B6E-4DBC-9E15-6793537CBD92}.Debug|x64.Build.0 = Debug|x64
		{DFAA7E4F-1B6E-4DBC-9E15-6793537CBD92}.Debug|x86.ActiveCfg = Debug|Win32
		{DFAA7E4F-1B6E-4DBC-9E15-6793537CBD92}.Debug|x86.Build.0 = Debug|Win32
		{DFAA7E4F-1B6E-4DBC-9E15-6793537CBD92}.Release|x64.ActiveCfg = Release|x64
		{DFAA7E4F-1B6E-4DBC-9E15-6793537CBD92}.Release|x64.Build.0 = Release|x64
		{DFAA7E4F-1B6E-4DBC-9E15-6793537CBD92}.Release|x86.ActiveCfg = Release|Win32
		{DFAA7E4F-1B6E-4DBC-9E15-6793537CBD92}.Release|x86.Build.0 = Release|Win32
		{185A5F18-E5BC-4B3E-AB9A-43C1A286E2DF}.Debug|x64.ActiveCfg = Debug|x64
		{185A5F18-E5BC-4B3E-AB9A-43C1A286E2DF}.Debug|x64.Build.0 = Debug|x64
		{185A5F18-E5BC-4B3E-AB9A-43C1A286E2DF}.Debug|x86.ActiveCfg = Debug|Win32
		{185A5F18-E5BC-4B3E-AB9A-43C1A286E2DF}.Debug|x86.Build.0 = Debug|Win32
		{185A5F18-E5BC-4B3E-AB9A-43C1A286E2DF}.Release|x64.ActiveCfg = Release|x64
		{185A5F18-E5BC-4B3E-AB9A-43C1A286E2DF}.Release|x64.Build.0 = Release|x64
		{185A5F18-E5BC-4B3E-AB9A-43C1A286E2DF}.Release|x86.ActiveCfg = Release|Win32
		{185A5F18-E5BC-4B3E-AB9A-43C1A286E2DF}.Release|x86.Build.0 = Release|Win32
		{C44C1CE7-9B2C-4C74-8190-2239334F916C}.Debug|x64.ActiveCfg = Debug|x64
		{C44C1CE7-9B2C-4C74-8190-2239334F916C}.Debug|x64.Build.0 = Debug|x64
		{C44C1CE7-9B2C-4C74-8190-2239334F916C}.Debug|x86.ActiveCfg = Debug|Win32
		{C44C1CE7-9B2C-4C74-8190-2239334F916C}.Debug|x86.Build.0 = Debug|Win32
		{C44C1CE7-9B2C-4C74-8190-2239334F916C}.Release|x64.ActiveCfg = Release|x64
		{C44C1CE7-9B2C-4C74-8190-2239334F916C}.Release|x64.Build.0 = Release|x64
		{C44C1CE7-9B2C-4C74-8190-2239334F916C}.Release|x86.ActiveCfg = Release|Win32
		{C44C1CE7-9B2C-4C74-8190-2239334F916C}.Release|x86.Build.0 = Release|Win32
		{94CDE18F-0FB8-4F70-AC33-937745AE4234}.Debug|x64.ActiveCfg = Debug|x64
		{94CDE18F-0FB8-4F70-AC33-937745AE4234}.Debug|x64.Build.0 = Debug|x64
		{94CDE18F-0FB8-4F70-AC33-937745AE4234}.Debug|x86.ActiveCfg = Debug|Win32
		{94CDE18F-0FB8-4F70-AC33-937745AE4234}.Debug|x86.Build.0 = Debug|Win32
		{94CDE18F-0FB8-4F70-AC33-937745AE4234}.Release|x64.ActiveCfg = Release|x64
		{94CDE18F-0FB8-4F70-AC33-937745AE4234}.Release|x64.Build.0 = Release|x64
		{94CDE18F-0FB8-4F70-AC33-937745AE4234}.Release|x86.ActiveCfg = Release|Win32
		{94CDE18F-0FB8-4F70-AC33-937745AE4234}.Release|x86.Build.0 = Release|Win32
		{F8D33979-3C71-479C-B848-5353BD15387A}.Debug|x64.ActiveCfg = Debug|x64
		{F8D33979-3C71-479C-B848-5353BD15387A}.Debug|x64.Build.0 = Debug|x64
		{F8D33979-3C71-479C-B848-5353BD15387A}.Debug|x86.ActiveCfg = Debug|Win32
		{F8D33979-3C71-479C-B848-5353BD15387A}.Debug|x86.Build.0 = Debug|Win32
		{F8D33979-3C71-479C-B848-5353BD15387A}.Release|x64.ActiveCfg = Release|x64
		{F8D33979-3C71-479C-B848-5353BD15387A}.Release|x64.Build.0 = Release|x64
		{F8D33979-3C71-479C-B848-5353BD15387A}.Release|x86.ActiveCfg = Release|Win32
		{F8D33979-3C71-479C-B848-5353BD15387A}.Release|x86.Build.0 = Release|Win32
		{5DA7EBC8-E7A6-4415-B5EC-2A166BB673BB}.Debug|x64.ActiveCfg = Debug|x64
		{5DA7EBC8-E7A6-4415-B5EC-2A166BB673BB}.Debug|x64.Build.0 = Debug|x64
		{5DA7EBC8-E7A6-4415-B5EC-2A166BB673BB}.Debug|x86.ActiveCfg = Debug|Win32
		{5DA7EBC8-E7A6-4415-B5EC-2A166BB673BB}.Debug|x86.Build.0 = Debug|Win32
		{5DA7EBC8-E7A6-4415-B5EC-2A166BB673BB}.Release|x64.ActiveCfg = Release|x64
		{5DA7EBC8-E7A6-4415-B5EC-2A166BB673BB}.Release|x64.Build.0 = Release|x64
		{5DA7EBC8-E7A6-4415-B5EC-2A166BB673BB}.Release|x86.ActiveCfg = Release|Win32
		{5DA7EBC8-E7A6-4415-B5EC-2A166BB673BB}.Release|x86.Build.0 = Release|Win32
		{59CE075D-AB8C-4B54-86F2-FD838B923171}.Debug|x64.ActiveCfg = Debug|x64
		{59CE075D-AB8C-4B54-86F2-FD838B923171}.Debug|x64.Build.0 = Debug|x64
		{59CE075D-AB8C-4B54-86F2-FD838B923171}.Debug|x86.ActiveCfg = Debug|Win32
		{59CE075D-AB8C-4B54-86F2-FD838B923171}.Debug|x86.Build.0 = Debug|Win32
		{59CE075D-AB8C-4B54-86F2-FD838B923171}.Release|x64.ActiveCfg = Release|x64
		{59CE075D-AB8C-4B54-86F2-FD838B923171}.Release|x64.Build.0 = Release|x64
		{59CE075D-AB8C-4B54-86F2-FD838B923171}.Release|x86.ActiveCfg = Release|Win32
		{59CE075D-AB8C-4B54-86F2-FD838B923171}.Release|x86.Build.0 = Release|Win32
		{E5259864-C570-4CC6-B8CA-972EC0582C3E}.Debug|x64.ActiveCfg = Debug|x64
		{E5259864-C570-4CC6-B8CA-972EC0582C3E}.Debug|x64.Build.0 = Debug|x64
		{E5259864-C570-4CC6-B8CA-972EC0582C3E}.Debug|x86.ActiveCfg = Debug|Win32
		{E5259864-C570-4CC6-B8CA-972EC0582C3E}.Debug|x86.Build.0 = Debug|Win32
		{E5259864-C570-4CC6-B8CA-972EC0582C3E}.Release|x64.ActiveCfg = Release|x64
		{E5259864-C570-4CC6-B8CA-972EC0582C3E}.Release|x64.Build.0 = Release|x64
		{E5259864-C570-4CC6-B8CA-972EC0582C3E}.Release|x86.ActiveCfg = Release|Win32
		{E5259864-C570-4CC6-B8CA-972EC0582C3E}.Release|x86.Build.0 = Release|Win32
		{399C343A-4FC0-40BB-924A-749A21F944F0}.Debug|x64.ActiveCfg = Debug|x64
		{399C343A-4FC0-40BB-924A-749A21F944F0}.Debug|x64.Build.0 = Debug|x64
		{399C343A-4FC0-40BB-924A-749A21F944F0}.Debug|x86.ActiveCfg = Debug|Win32
		{399C343A-4FC0-40BB-924A-749A21F944F0}.Debug|x86.Build.0 = Debug|Win32
		{399C343A-4FC0-40BB-924A-749A21F944F0}.Release|x64.ActiveCfg = Release|x64
		{399C343A-4FC0-40BB-924A-749A21F944F0}.Release|x64.Build.0 = Release|x64
		{399C343A-4FC0-40BB-924A-749A21F944F0}.Release|x86.ActiveCfg = Release|Win32
		{399C343A-4FC0-40BB-924A-749A21F944F0}.Release|x86.Build.0 = Release|Win32
		{22AF1F39-34E2-42BF-B5CF-B2AEB271D283}.Debug|x64.ActiveCfg = Debug|x64
		{22AF1F39-34E2-42BF-B5CF-B2AEB271D283}.Debug|x64.Build.0 = Debug|x64
		{22AF1F39-34E2-42BF-B5CF-B2AEB271D283}.Debug|x86.ActiveCfg = Debug|Win32
		{22AF1F39-34E2-42BF-B5CF-B2AEB271D283}.Debug|x86.Build.0 = Debug|Win32
		{22AF1F39-34E2-42BF-B5CF-B2AEB271D283}.Release|x64.ActiveCfg = Release|x64
		{22AF1F39-34E2-42BF-B5CF-B2AEB271D283}.Release|x64.Build.0 = Release|x64
		{22AF1F39-34E2-42BF-B5CF-B2AEB271D283}.Release|x86.ActiveCfg = Release|Win32
		{22AF1F39-34E2-42BF-B5CF-B2AEB271D283}.Release|x86.Build.0 = Release|Win32
		{67E6B2AE-99D5-41CE-B3D8-6032671F4187}.Debug|x64.ActiveCfg = Debug|x64
		{67E6B2AE-99D5-41CE-B3D8-6032671F4187}.Debug|x64.Build.0 = Debug|x64
		{67E6B2AE-99D5-41CE-B3D8-6032671F4187}.Debug|x86.ActiveCfg = Debug|Win32
		{67E6B2AE-99D5-41CE-B3D8-6032671F4187}.Debug|x86.Build.0 = Debug|Win32
		{67E6B2AE-99D5-41CE-B3D8-6032671F4187}.Release|x64.ActiveCfg = Release|x64
		{67E6B2AE-99D5-41CE-B3D8-6032671F4187}.Release|x64.Build.0 = Release|x64
		{67E6B2AE-99D5-41CE-B3D8-6032671F4187}.Release|x86.ActiveCfg = Release|Win32
		{67E6B2AE-99D5-41CE-B3D8-6032671F4187}.Release|x86.Build.0 = Release|Win32
		{3BB776E5-08B0-42D0-AF7A-2160D484DA2A}.Debug|x64.ActiveCfg = Debug|x64
		{3BB776E5-08B0-42D0-AF7A-2160D484DA2A}.Debug|x64.Build.0 = Debug|x64
		{3BB776E5-08B0-42D0-AF7A-2160D484DA2A}.Debug|x86.ActiveCfg = Debug|Win32
		{3BB776E5-08B0-42D0-AF7A-2160D484DA2A}.Debug|x86.Build.0 = Debug|Win32
		{3BB776E5-08B0-42D0-AF7A-2160D484DA2A}.Release|x64.ActiveCfg = Release|x64
		{3BB776E5-08B0-42D0-AF7A-2160D484DA2A}.Release|x64.Build.0 = Release|x64
		{3BB776E5-08B0-42D0-AF7A-2160D484DA2A}.Release|x86.ActiveCfg = Release|Win32
		{3BB776E5-08B0-42D0-AF7A-2160D484DA2A}.Release|x86.Build.0 = Release|Win32
		{8D110CCF-0262-4E58-9822-2B6D316D7698}.Debug|x64.ActiveCfg = Debug|x64
		{8D110CCF-0262-4E58-9822-2B6D316D7698}.Debug|x64.Build.0 = Debug|x64
		{8D110CCF-0262-4E58-9822-2B6D316D7698}.Debug|x86.ActiveCfg = Debug|Win32
		{8D110CCF-0262-4E58-9822-2B6D316D7698}.Debug|x86.Build.0 = Debug|Win32
		{8D110CCF-0262-4E58-9822-2B6D316D7698}.Release|x64.ActiveCfg = Release|x64
		{8D110CCF-0262-4E58-9822-2B6D316D7698}.Release|x64.Build.0 = Release|x64
		{8D110CCF-0262-4E58-9822-2B6D316D7698}.Release|x86.ActiveCfg = Release|Win32
		{8D110CCF-0262-4E58-9822-2B6D316D7698}.Release|x86.Build.0 = Release|Win32
		{9090302F-2023-47B1-8BBF-80F31A984084}.Debug|x64.ActiveCfg = Debug|x64
		{9090302F-2023-47B1-8BBF-80F31A984084}.Debug|x64.Build.0 = Debug|x64
		{9090302F-2023-47B1-8BBF-80F31A984084}.Debug|x86.ActiveCfg = Debug|Win32
		{9090302F-2023-47B1-8BBF-80F31A984084}.Debug|x86.Build.0 = Debug|Win32
		{9090302F-2023-47B1-8BBF-80F31A984084}.Release|x64.ActiveCfg = Release|x64
		{9090302F-2023-47B1-8BBF-80F31A984084}.Release|x64.Build.0 = Release|x64
		{9090302F-2023-47B1-8BBF-80F31A984084}.Release|x86.ActiveCfg = Release|Win32
		{9090302F-2023-47B1-8BBF-80F31A984084}.Release|x86.Build.0 = Release|Win32
		{3590D787-C9C0-49D2-B1A5-E934959662D5}.Debug|x64.ActiveCfg = Debug|x64
		{3590D787-C9C0-49D2-B1A5-E934959662D5}.Debug|x64.Build.0 = Debug|x64
		{3590D787-C9C0-49D2-B1A5-E934959662D5}.Debug|x86.ActiveCfg = Debug|Win32
		{3590D787-C9C0-49D2-B1A5-E934959662D5}.Debug|x86.Build.0 = Debug|Win32
		{3590D787-C9C0-49D2-B1A5-E934959662D5}.Release|x64.ActiveCfg = Release|x64
		{3590D787-C9C0-49D2-B1A5-E934959662D5}.Release|x64.Build.0 = Release|x64
		{3590D787-C9C0-49D2-B1A5-E934959662D5}.Release|x86.ActiveCfg = Release|Win32
		{3590D787-C9C0-49D2-B1A5-E934959662D5}.Release|x86.Build.0 = Release|Win32
		{09BBA865-CDBC-4AB0-87F4-178F6DE7A129}.Debug|x64.ActiveCfg = Debug|x64
		{09BBA865-CDBC-4AB0-87F4-178F6DE7A129}.Debug|x64.Build.0 = Debug|x64
		{09BBA865-CDBC-4AB0-87F4-178F6DE7A129}.Debug|x86.ActiveCfg = Debug|Win32
		{09BBA865-CDBC-4AB0-87F4-178F6DE7A129}.Debug|x86.Build.0 = Debug|Win32
		{09BBA865-CDBC-4AB0-87F4-178F6DE7A129}.Release|x64.ActiveCfg = Release|x64
		{09BBA865-CDBC-4AB0-87F4-178F6DE7A129}.Release|x64.Build.0 = Release|x64
		{09BBA865-CDBC-4AB0-87F4-178F6DE7A129}.Release|x86.ActiveCfg = Release|Win32
		{09BBA865-CDBC-4AB0-87F4-178F6DE7A129}.Release|x86.Build.0 = Release|Win32
		{400D989B-8DD1-48D2-8852-6CAF4B7D4142}.Debug|x64.ActiveCfg = Debug|x64
		{400D989B-8DD1-48D2-8852-6CAF4B7D4142}.Debug|x64.Build.0 = Debug|x64
		{400D989B-8DD1-48D2-8852-6CAF4B7D4142}.Debug|x86.ActiveCfg = Debug|Win32
		{400D989B-8DD1-48D2-8852-6CAF4B7D4142}.Debug|x86.Build.0 = Debug|Win32
		{400D989B-8DD1-48D2-8852-6CAF4B7D4142}.Release|x64.ActiveCfg = Release|x64
		{400D989B-8DD1-48D2-8852-6CAF4B7D4142}.Release|x64.Build.0 = Release|x64
		{400D989B-8DD1-48D2-8852-6CAF4B7D4142}.Release|x86.ActiveCfg = Release|Win32
		{400D989B-8DD1-48D2-8852-6CAF4B7D4142}.Release|x86.Build.0 = Release|Win32
		{BB8511B3-D9EE-4950-B14E-5CD9C8948C7A}.Debug|x64.ActiveCfg = Debug|x64
		{BB8511B3-D9EE-4950-B14E-5CD9C8948C7A}.Debug|x64.Build.0 = Debug|x64
		{BB8511B3-D9EE-4950-B14E-5CD9C8948C7A}.Debug|x86.ActiveCfg = Debug|Win32
		{BB8511B3-D9EE-4950-B14E-5CD9C8948C7A}.Debug|x86.Build.0 = Debug|Win32
		{BB8511B3-D9EE-4950-B14E-5CD9C8948C7A}.Release|x64.ActiveCfg = Release|x64
		{BB8511B3-D9EE-4950-B14E-5CD9C8948C7A}.Release|x64.Build.0 = Release|x64
		{BB8511B3-D9EE-4950-B14E-5CD9C8948C7A}.Release|x86.ActiveCfg = Release|Win32
		{BB8511B3-D9EE-4950-B14E-5CD9C8948C7A}.Release|x86.Build.0 = Release|Win32
		{606805C4-D37F-49A4-BE23-7676FB90AFBA}.Debug|x64.ActiveCfg = Debug|x64
		{606805C4-D37F-49A4-BE23-7676FB90AFBA}.Debug|x64.Build.0 = Debug|x64
		{606805C4-D37F-49A4-BE23-7676FB90AFBA}.Debug|x86.ActiveCfg = Debug|Win32
		{606805C4-D37F-49A4-BE23-7676FB90AFBA}.Debug|x86.Build.0 = Debug|Win32
		{606805C4-D37F-49A4-BE23-7676FB90AFBA}.Release|x64.ActiveCfg = Release|x64
		{606805C4-D37F-49A4-BE23-7676FB90AFBA}.Release|x64.Build.0 = Release|x64
		{606805C4-D37F-49A4-BE23-7676FB90AFBA}.Release|x86.ActiveCfg = Release|Win32
		{606805C4-D37F-49A4-BE23-7676FB90AFBA}.Release|x86.Build.0 = Release|Win32
		{BB130851-4851-4E81-9840-A9AC3E801504}.Debug|x64.ActiveCfg = Debug|x64
		{BB130851-4851-4E81-9840-A9AC3E801504}.Debug|x64.Build.0 = Debug|x64
		{BB130851-4851-4E81-9840-A9AC3E801504}.Debug|x86.ActiveCfg = Debug|Win32
		{BB130851-4851-4E81-9840-A9AC3E801504}.Debug|x86.Build.0 = Debug|Win32
		{BB130851-4851-4E81-9840-A9AC3E801504}.Release|x64.ActiveCfg = Release|x64
		{BB130851-4851-4E81-9840-A9AC3E801504}.Release|x64.Build.0 = Release|x64
		{BB130851-4851-4E81-9840-A9AC3E801504}.Release|x86.ActiveCfg = Release|Win32
		{BB130851-4851-4E81-9840-A9AC3E801504}.Release|x86.Build.0 = Release|Win32
		{4B77531E-E858-4FE9-A29E-37419A8A2536}.Debug|x64.ActiveCfg = Debug|x64
		{4B77531E-E858-4FE9-A29E-37419A8A2536}.Debug|x64.Build.0 = Debug|x64
		{4B77531E-E858-4FE9-A29E-37419A8A2536}.Debug|x86.ActiveCfg = Debug|Win32
		{4B77531E-E858-4FE9-A29E-37419A8A2536}.Debug|x86.Build.0 = Debug|Win32
		{4B77531E-E858-4FE9-A29E-37419A8A2536}.Release|x64.ActiveCfg = Release|x64
		{4B77531E-E858-4FE9-A29E-37419A8A2536}.Release|x64.Build.0 = Release|x64
		{4B77531E-E858-4FE9-A29E-37419A8A2536}.Release|x86.ActiveCfg = Release|Win32
		{4B77531E-E858-4FE9-A29E-37419A8A2536}.Release|x86.Build.0 = Release|Win32
		{40E10ACA-025B-4447-8C8E-E9DDCF855EC0}.Debug|x64.ActiveCfg = Debug|x64
		{40E10ACA-025B-4447-8C8E-E9DDCF855EC0}.Debug|x64.Build.0 = Debug|x64
		{40E10ACA-025B-4447-8C8E-E9DDCF855EC0}.Debug|x86.ActiveCfg = Debug|Win32
		{40E10ACA-025B-4447-8C8E-E9DDCF855EC0}.Debug|x86.Build.0 = Debug|Win32
		{40E10ACA-025B-4447-8C8E-E9DDCF855EC0}.Release|x64.ActiveCfg = Release|x64
		{40E10ACA-025B-4447-8C8E-E9DDCF855EC0}.Release|x64.Build.0 = Release|x64
		{40E10ACA-025B-4447-8C8E-E9DDCF855EC0}.Release|x86.ActiveCfg = Release|Win32
		{40E10ACA-025B-4447-8C8E-E9DDCF855EC0}.Release|x86.Build.0 = Release|Win32
		{021663A4-B724-4B18-9302-5657545454E1}.Debug|x64.ActiveCfg = Debug|x64
		{021663A4-B724-4B18-9302-5657545454E1}.Debug|x64.Build.0 = Debug|x64
		{021663A4-B724-4B18-9302-5657545454E1}.Debug|x86.ActiveCfg = Debug|Win32
		{021663A4-B724-4B18-9302-5657545454E1}.Debug|x86.Build.0 = Debug|Win32
		{021663A4-B724-4B18-9302-5657545454E1}.Release|x64.ActiveCfg = Release|x64
		{021663A4-B724-4B18-9302-5657545454E1}.Release|x64.Build.0 = Release|x64
		{021663A4-B724-4B18-9302-5657545454E1}.Release|x86.ActiveCfg = Release|Win32
		{021663A4-B724-4B18-9302-5657545454E1}.Release|x86.Build.0 = Release|Win32
		{E89E6975-E877-44BC-998F-165C0FB42F11}.Debug|x64.ActiveCfg = Debug|x64
		{E89E6975-E877-44BC-998F-165C0FB42F11}.Debug|x64.Build.0 = Debug|x64
		{E89E6975-E877-44BC-998F-165C0FB42F11}.Debug|x86.ActiveCfg = Debug|Win32
		{E89E6975-E877-44BC-998F-165C0FB42F11}.Debug|x86.Build.0 = Debug|Win32
		{E89E6975-E877-44BC-998F-165C0FB42F11}.Release|x64.ActiveCfg = Release|x64
		{E89E6975-E877-44BC-998F-165C0FB42F11}.Release|x64.Build.0 = Release|x64
		{E89E6975-E877-44BC-998F-165C0FB42F11}.Release|x86.ActiveCfg = Release|Win32
		{E89E6975-E877-44BC-998F-165C0FB42F11}.Release|x86.Build.0 = Release|Win32
		{5772AA07-8E4D-4D8A-8D6D-BB03233719BC}.Debug|x64.ActiveCfg = Debug|x64
		{5772AA07-8E4D-4D8A-8D6D-BB03233719BC}.Debug|x64.Build.0 = Debug|x64
		{5772AA07-8E4D-4D8A-8D6D-BB03233719BC}.Debug|x86.ActiveCfg = Debug|Win32
		{5772AA07-8E4D-4D8A-8D6D-BB03233719BC}.Debug|x86.Build.0 = Debug|Win32
		{5772AA07-8E4D-4D8A-8D6D-BB03233719BC}.Release|x64.ActiveCfg = Release|x64
		{5772AA07-8E4D-4D8A-8D6D-BB03233719BC}.Release|x64.Build.0 = Release|x64
		{5772AA07-8E4D-4D8A-8D6D-BB03233719BC}.Release|x86.ActiveCfg = Release|Win32
		{5772AA07-8E4D-4D8A-8D6D-BB03233719BC}.Release|x86.Build.0 = Release|Win32
	EndGlobalSection
	GlobalSection(SolutionProperties) = preSolution
		HideSolutionNode = FALSE
	EndGlobalSection
	GlobalSection(ExtensibilityGlobals) = postSolution
		SolutionGuid = {7CAA6611-5DED-4CC0-8EB4-0B9E10DCC1AC}
	EndGlobalSection
EndGlobal
